
Microsoft Visual Studio Solution File, Format Version 12.00
# Visual Studio 15
VisualStudioVersion = 15.0.28307.489
MinimumVisualStudioVersion = 10.0.40219.1
Project("{FAE04EC0-301F-11D3-BF4B-00C04F79EFBC}") = "StudentWebApp", "StudentWebApp\StudentWebApp.csproj", "{DBCE1739-F44B-4C41-9538-2AD0F0E946F5}"
EndProject
Project("{FAE04EC0-301F-11D3-BF4B-00C04F79EFBC}") = "StudentWebApp.DAL", "StudentWebApp.DAL\StudentWebApp.DAL.csproj", "{B9CE2752-C5CA-4AF7-9E5F-B9116F7AA9AA}"
EndProject
Global
	GlobalSection(SolutionConfigurationPlatforms) = preSolution
		Debug|Any CPU = Debug|Any CPU
		Release|Any CPU = Release|Any CPU
	EndGlobalSection
	GlobalSection(ProjectConfigurationPlatforms) = postSolution
		{DBCE1739-F44B-4C41-9538-2AD0F0E946F5}.Debug|Any CPU.ActiveCfg = Debug|Any CPU
		{DBCE1739-F44B-4C41-9538-2AD0F0E946F5}.Debug|Any CPU.Build.0 = Debug|Any CPU
		{DBCE1739-F44B-4C41-9538-2AD0F0E946F5}.Release|Any CPU.ActiveCfg = Release|Any CPU
		{DBCE1739-F44B-4C41-9538-2AD0F0E946F5}.Release|Any CPU.Build.0 = Release|Any CPU
		{B9CE2752-C5CA-4AF7-9E5F-B9116F7AA9AA}.Debug|Any CPU.ActiveCfg = Debug|Any CPU
		{B9CE2752-C5CA-4AF7-9E5F-B9116F7AA9AA}.Debug|Any CPU.Build.0 = Debug|Any CPU
		{B9CE2752-C5CA-4AF7-9E5F-B9116F7AA9AA}.Release|Any CPU.ActiveCfg = Release|Any CPU
		{B9CE2752-C5CA-4AF7-9E5F-B9116F7AA9AA}.Release|Any CPU.Build.0 = Release|Any CPU
	EndGlobalSection
	GlobalSection(SolutionProperties) = preSolution
		HideSolutionNode = FALSE
	EndGlobalSection
	GlobalSection(ExtensibilityGlobals) = postSolution
		SolutionGuid = {321CBB2D-5146-4752-9663-101A9EF103A3}
	EndGlobalSection
EndGlobal
